
Microsoft Visual Studio Solution File, Format Version 12.00
# Visual Studio Version 16
VisualStudioVersion = 16.0.29613.14
MinimumVisualStudioVersion = 10.0.40219.1
Project("{FAE04EC0-301F-11D3-BF4B-00C04F79EFBC}") = "Rabbits_new", "Rabbits_new\Rabbits_new.csproj", "{4C8994CA-027D-436E-BE06-55ED3C7E806D}"
EndProject
Global
	GlobalSection(SolutionConfigurationPlatforms) = preSolution
		Debug|Any CPU = Debug|Any CPU
		Release|Any CPU = Release|Any CPU
	EndGlobalSection
	GlobalSection(ProjectConfigurationPlatforms) = postSolution
		{4C8994CA-027D-436E-BE06-55ED3C7E806D}.Debug|Any CPU.ActiveCfg = Debug|Any CPU
		{4C8994CA-027D-436E-BE06-55ED3C7E806D}.Debug|Any CPU.Build.0 = Debug|Any CPU
		{4C8994CA-027D-436E-BE06-55ED3C7E806D}.Release|Any CPU.ActiveCfg = Release|Any CPU
		{4C8994CA-027D-436E-BE06-55ED3C7E806D}.Release|Any CPU.Build.0 = Release|Any CPU
	EndGlobalSection
	GlobalSection(SolutionProperties) = preSolution
		HideSolutionNode = FALSE
	EndGlobalSection
	GlobalSection(ExtensibilityGlobals) = postSolution
		SolutionGuid = {7B942606-D16F-4908-B9F7-9FEAC2694A05}
	EndGlobalSection
EndGlobal
